// !$*UTF8*$!
{
	archiveVersion = 1;
	classes = {
	};
	objectVersion = 50;
	objects = {

/* Begin PBXBuildFile section */
		DEE0FEC82270F981000051FF /* AppDelegate.swift in Sources */ = {isa = PBXBuildFile; fileRef = DEE0FEC72270F981000051FF /* AppDelegate.swift */; };
		DEE0FECA2270F981000051FF /* ViewController.swift in Sources */ = {isa = PBXBuildFile; fileRef = DEE0FEC92270F981000051FF /* ViewController.swift */; };
		DEE0FECD2270F981000051FF /* Main.storyboard in Resources */ = {isa = PBXBuildFile; fileRef = DEE0FECB2270F981000051FF /* Main.storyboard */; };
		DEE0FECF2270F982000051FF /* Assets.xcassets in Resources */ = {isa = PBXBuildFile; fileRef = DEE0FECE2270F982000051FF /* Assets.xcassets */; };
		DEE0FED22270F982000051FF /* LaunchScreen.storyboard in Resources */ = {isa = PBXBuildFile; fileRef = DEE0FED02270F982000051FF /* LaunchScreen.storyboard */; };
		DEE0FEDD2270F982000051FF /* DestinationTestTests.swift in Sources */ = {isa = PBXBuildFile; fileRef = DEE0FEDC2270F982000051FF /* DestinationTestTests.swift */; };
		DEE0FEE82270F982000051FF /* DestinationTestUITests.swift in Sources */ = {isa = PBXBuildFile; fileRef = DEE0FEE72270F982000051FF /* DestinationTestUITests.swift */; };
/* End PBXBuildFile section */

/* Begin PBXContainerItemProxy section */
		DEE0FED92270F982000051FF /* PBXContainerItemProxy */ = {
			isa = PBXContainerItemProxy;
			containerPortal = DEE0FEBC2270F981000051FF /* Project object */;
			proxyType = 1;
			remoteGlobalIDString = DEE0FEC32270F981000051FF;
			remoteInfo = DestinationTest;
		};
		DEE0FEE42270F982000051FF /* PBXContainerItemProxy */ = {
			isa = PBXContainerItemProxy;
			containerPortal = DEE0FEBC2270F981000051FF /* Project object */;
			proxyType = 1;
			remoteGlobalIDString = DEE0FEC32270F981000051FF;
			remoteInfo = DestinationTest;
		};
/* End PBXContainerItemProxy section */

/* Begin PBXFileReference section */
		DE732A272273533A00FB6659 /* DestinationTest.entitlements */ = {isa = PBXFileReference; lastKnownFileType = text.plist.entitlements; path = DestinationTest.entitlements; sourceTree = "<group>"; };
		DEE0FEC42270F981000051FF /* DestinationTest.app */ = {isa = PBXFileReference; explicitFileType = wrapper.application; includeInIndex = 0; path = DestinationTest.app; sourceTree = BUILT_PRODUCTS_DIR; };
		DEE0FEC72270F981000051FF /* AppDelegate.swift */ = {isa = PBXFileReference; lastKnownFileType = sourcecode.swift; path = AppDelegate.swift; sourceTree = "<group>"; };
		DEE0FEC92270F981000051FF /* ViewController.swift */ = {isa = PBXFileReference; lastKnownFileType = sourcecode.swift; path = ViewController.swift; sourceTree = "<group>"; };
		DEE0FECC2270F981000051FF /* Base */ = {isa = PBXFileReference; lastKnownFileType = file.storyboard; name = Base; path = Base.lproj/Main.storyboard; sourceTree = "<group>"; };
		DEE0FECE2270F982000051FF /* Assets.xcassets */ = {isa = PBXFileReference; lastKnownFileType = folder.assetcatalog; path = Assets.xcassets; sourceTree = "<group>"; };
		DEE0FED12270F982000051FF /* Base */ = {isa = PBXFileReference; lastKnownFileType = file.storyboard; name = Base; path = Base.lproj/LaunchScreen.storyboard; sourceTree = "<group>"; };
		DEE0FED32270F982000051FF /* Info.plist */ = {isa = PBXFileReference; lastKnownFileType = text.plist.xml; path = Info.plist; sourceTree = "<group>"; };
		DEE0FED82270F982000051FF /* DestinationTestTests.xctest */ = {isa = PBXFileReference; explicitFileType = wrapper.cfbundle; includeInIndex = 0; path = DestinationTestTests.xctest; sourceTree = BUILT_PRODUCTS_DIR; };
		DEE0FEDC2270F982000051FF /* DestinationTestTests.swift */ = {isa = PBXFileReference; lastKnownFileType = sourcecode.swift; path = DestinationTestTests.swift; sourceTree = "<group>"; };
		DEE0FEDE2270F982000051FF /* Info.plist */ = {isa = PBXFileReference; lastKnownFileType = text.plist.xml; path = Info.plist; sourceTree = "<group>"; };
		DEE0FEE32270F982000051FF /* DestinationTestUITests.xctest */ = {isa = PBXFileReference; explicitFileType = wrapper.cfbundle; includeInIndex = 0; path = DestinationTestUITests.xctest; sourceTree = BUILT_PRODUCTS_DIR; };
		DEE0FEE72270F982000051FF /* DestinationTestUITests.swift */ = {isa = PBXFileReference; lastKnownFileType = sourcecode.swift; path = DestinationTestUITests.swift; sourceTree = "<group>"; };
		DEE0FEE92270F982000051FF /* Info.plist */ = {isa = PBXFileReference; lastKnownFileType = text.plist.xml; path = Info.plist; sourceTree = "<group>"; };
/* End PBXFileReference section */

/* Begin PBXFrameworksBuildPhase section */
		DEE0FEC12270F981000051FF /* Frameworks */ = {
			isa = PBXFrameworksBuildPhase;
			buildActionMask = 2147483647;
			files = (
			);
			runOnlyForDeploymentPostprocessing = 0;
		};
		DEE0FED52270F982000051FF /* Frameworks */ = {
			isa = PBXFrameworksBuildPhase;
			buildActionMask = 2147483647;
			files = (
			);
			runOnlyForDeploymentPostprocessing = 0;
		};
		DEE0FEE02270F982000051FF /* Frameworks */ = {
			isa = PBXFrameworksBuildPhase;
			buildActionMask = 2147483647;
			files = (
			);
			runOnlyForDeploymentPostprocessing = 0;
		};
/* End PBXFrameworksBuildPhase section */

/* Begin PBXGroup section */
		DEE0FEBB2270F981000051FF = {
			isa = PBXGroup;
			children = (
				DEE0FEC62270F981000051FF /* DestinationTest */,
				DEE0FEDB2270F982000051FF /* DestinationTestTests */,
				DEE0FEE62270F982000051FF /* DestinationTestUITests */,
				DEE0FEC52270F981000051FF /* Products */,
			);
			sourceTree = "<group>";
		};
		DEE0FEC52270F981000051FF /* Products */ = {
			isa = PBXGroup;
			children = (
				DEE0FEC42270F981000051FF /* DestinationTest.app */,
				DEE0FED82270F982000051FF /* DestinationTestTests.xctest */,
				DEE0FEE32270F982000051FF /* DestinationTestUITests.xctest */,
			);
			name = Products;
			sourceTree = "<group>";
		};
		DEE0FEC62270F981000051FF /* DestinationTest */ = {
			isa = PBXGroup;
			children = (
				DE732A272273533A00FB6659 /* DestinationTest.entitlements */,
				DEE0FEC72270F981000051FF /* AppDelegate.swift */,
				DEE0FEC92270F981000051FF /* ViewController.swift */,
				DEE0FECB2270F981000051FF /* Main.storyboard */,
				DEE0FECE2270F982000051FF /* Assets.xcassets */,
				DEE0FED02270F982000051FF /* LaunchScreen.storyboard */,
				DEE0FED32270F982000051FF /* Info.plist */,
			);
			path = DestinationTest;
			sourceTree = "<group>";
		};
		DEE0FEDB2270F982000051FF /* DestinationTestTests */ = {
			isa = PBXGroup;
			children = (
				DEE0FEDC2270F982000051FF /* DestinationTestTests.swift */,
				DEE0FEDE2270F982000051FF /* Info.plist */,
			);
			path = DestinationTestTests;
			sourceTree = "<group>";
		};
		DEE0FEE62270F982000051FF /* DestinationTestUITests */ = {
			isa = PBXGroup;
			children = (
				DEE0FEE72270F982000051FF /* DestinationTestUITests.swift */,
				DEE0FEE92270F982000051FF /* Info.plist */,
			);
			path = DestinationTestUITests;
			sourceTree = "<group>";
		};
/* End PBXGroup section */

/* Begin PBXNativeTarget section */
		DEE0FEC32270F981000051FF /* DestinationTest */ = {
			isa = PBXNativeTarget;
			buildConfigurationList = DEE0FEEC2270F982000051FF /* Build configuration list for PBXNativeTarget "DestinationTest" */;
			buildPhases = (
				DEE0FEC02270F981000051FF /* Sources */,
				DEE0FEC12270F981000051FF /* Frameworks */,
				DEE0FEC22270F981000051FF /* Resources */,
			);
			buildRules = (
			);
			dependencies = (
			);
			name = DestinationTest;
			productName = DestinationTest;
			productReference = DEE0FEC42270F981000051FF /* DestinationTest.app */;
			productType = "com.apple.product-type.application";
		};
		DEE0FED72270F982000051FF /* DestinationTestTests */ = {
			isa = PBXNativeTarget;
			buildConfigurationList = DEE0FEEF2270F982000051FF /* Build configuration list for PBXNativeTarget "DestinationTestTests" */;
			buildPhases = (
				DEE0FED42270F982000051FF /* Sources */,
				DEE0FED52270F982000051FF /* Frameworks */,
				DEE0FED62270F982000051FF /* Resources */,
			);
			buildRules = (
			);
			dependencies = (
				DEE0FEDA2270F982000051FF /* PBXTargetDependency */,
			);
			name = DestinationTestTests;
			productName = DestinationTestTests;
			productReference = DEE0FED82270F982000051FF /* DestinationTestTests.xctest */;
			productType = "com.apple.product-type.bundle.unit-test";
		};
		DEE0FEE22270F982000051FF /* DestinationTestUITests */ = {
			isa = PBXNativeTarget;
			buildConfigurationList = DEE0FEF22270F982000051FF /* Build configuration list for PBXNativeTarget "DestinationTestUITests" */;
			buildPhases = (
				DEE0FEDF2270F982000051FF /* Sources */,
				DEE0FEE02270F982000051FF /* Frameworks */,
				DEE0FEE12270F982000051FF /* Resources */,
			);
			buildRules = (
			);
			dependencies = (
				DEE0FEE52270F982000051FF /* PBXTargetDependency */,
			);
			name = DestinationTestUITests;
			productName = DestinationTestUITests;
			productReference = DEE0FEE32270F982000051FF /* DestinationTestUITests.xctest */;
			productType = "com.apple.product-type.bundle.ui-testing";
		};
/* End PBXNativeTarget section */

/* Begin PBXProject section */
		DEE0FEBC2270F981000051FF /* Project object */ = {
			isa = PBXProject;
			attributes = {
				LastSwiftUpdateCheck = 1020;
				LastUpgradeCheck = 1020;
				ORGANIZATIONNAME = "Jair Moreno Gaspar";
				TargetAttributes = {
					DEE0FEC32270F981000051FF = {
						CreatedOnToolsVersion = 10.2.1;
						SystemCapabilities = {
							com.apple.ApplicationGroups.iOS = {
								enabled = 1;
							};
							com.apple.Keychain = {
								enabled = 1;
							};
						};
					};
					DEE0FED72270F982000051FF = {
						CreatedOnToolsVersion = 10.2.1;
						TestTargetID = DEE0FEC32270F981000051FF;
					};
					DEE0FEE22270F982000051FF = {
						CreatedOnToolsVersion = 10.2.1;
						TestTargetID = DEE0FEC32270F981000051FF;
					};
				};
			};
			buildConfigurationList = DEE0FEBF2270F981000051FF /* Build configuration list for PBXProject "DestinationTest" */;
			compatibilityVersion = "Xcode 9.3";
			developmentRegion = en;
			hasScannedForEncodings = 0;
			knownRegions = (
				en,
				Base,
			);
			mainGroup = DEE0FEBB2270F981000051FF;
			productRefGroup = DEE0FEC52270F981000051FF /* Products */;
			projectDirPath = "";
			projectRoot = "";
			targets = (
				DEE0FEC32270F981000051FF /* DestinationTest */,
				DEE0FED72270F982000051FF /* DestinationTestTests */,
				DEE0FEE22270F982000051FF /* DestinationTestUITests */,
			);
		};
/* End PBXProject section */

/* Begin PBXResourcesBuildPhase section */
		DEE0FEC22270F981000051FF /* Resources */ = {
			isa = PBXResourcesBuildPhase;
			buildActionMask = 2147483647;
			files = (
				DEE0FED22270F982000051FF /* LaunchScreen.storyboard in Resources */,
				DEE0FECF2270F982000051FF /* Assets.xcassets in Resources */,
				DEE0FECD2270F981000051FF /* Main.storyboard in Resources */,
			);
			runOnlyForDeploymentPostprocessing = 0;
		};
		DEE0FED62270F982000051FF /* Resources */ = {
			isa = PBXResourcesBuildPhase;
			buildActionMask = 2147483647;
			files = (
			);
			runOnlyForDeploymentPostprocessing = 0;
		};
		DEE0FEE12270F982000051FF /* Resources */ = {
			isa = PBXResourcesBuildPhase;
			buildActionMask = 2147483647;
			files = (
			);
			runOnlyForDeploymentPostprocessing = 0;
		};
/* End PBXResourcesBuildPhase section */

/* Begin PBXSourcesBuildPhase section */
		DEE0FEC02270F981000051FF /* Sources */ = {
			isa = PBXSourcesBuildPhase;
			buildActionMask = 2147483647;
			files = (
				DEE0FECA2270F981000051FF /* ViewController.swift in Sources */,
				DEE0FEC82270F981000051FF /* AppDelegate.swift in Sources */,
			);
			runOnlyForDeploymentPostprocessing = 0;
		};
		DEE0FED42270F982000051FF /* Sources */ = {
			isa = PBXSourcesBuildPhase;
			buildActionMask = 2147483647;
			files = (
				DEE0FEDD2270F982000051FF /* DestinationTestTests.swift in Sources */,
			);
			runOnlyForDeploymentPostprocessing = 0;
		};
		DEE0FEDF2270F982000051FF /* Sources */ = {
			isa = PBXSourcesBuildPhase;
			buildActionMask = 2147483647;
			files = (
				DEE0FEE82270F982000051FF /* DestinationTestUITests.swift in Sources */,
			);
			runOnlyForDeploymentPostprocessing = 0;
		};
/* End PBXSourcesBuildPhase section */

/* Begin PBXTargetDependency section */
		DEE0FEDA2270F982000051FF /* PBXTargetDependency */ = {
			isa = PBXTargetDependency;
			target = DEE0FEC32270F981000051FF /* DestinationTest */;
			targetProxy = DEE0FED92270F982000051FF /* PBXContainerItemProxy */;
		};
		DEE0FEE52270F982000051FF /* PBXTargetDependency */ = {
			isa = PBXTargetDependency;
			target = DEE0FEC32270F981000051FF /* DestinationTest */;
			targetProxy = DEE0FEE42270F982000051FF /* PBXContainerItemProxy */;
		};
/* End PBXTargetDependency section */

/* Begin PBXVariantGroup section */
		DEE0FECB2270F981000051FF /* Main.storyboard */ = {
			isa = PBXVariantGroup;
			children = (
				DEE0FECC2270F981000051FF /* Base */,
			);
			name = Main.storyboard;
			sourceTree = "<group>";
		};
		DEE0FED02270F982000051FF /* LaunchScreen.storyboard */ = {
			isa = PBXVariantGroup;
			children = (
				DEE0FED12270F982000051FF /* Base */,
			);
			name = LaunchScreen.storyboard;
			sourceTree = "<group>";
		};
/* End PBXVariantGroup section */

/* Begin XCBuildConfiguration section */
		DEE0FEEA2270F982000051FF /* Debug */ = {
			isa = XCBuildConfiguration;
			buildSettings = {
				ALWAYS_SEARCH_USER_PATHS = NO;
				CLANG_ANALYZER_NONNULL = YES;
				CLANG_ANALYZER_NUMBER_OBJECT_CONVERSION = YES_AGGRESSIVE;
				CLANG_CXX_LANGUAGE_STANDARD = "gnu++14";
				CLANG_CXX_LIBRARY = "libc++";
				CLANG_ENABLE_MODULES = YES;
				CLANG_ENABLE_OBJC_ARC = YES;
				CLANG_ENABLE_OBJC_WEAK = YES;
				CLANG_WARN_BLOCK_CAPTURE_AUTORELEASING = YES;
				CLANG_WARN_BOOL_CONVERSION = YES;
				CLANG_WARN_COMMA = YES;
				CLANG_WARN_CONSTANT_CONVERSION = YES;
				CLANG_WARN_DEPRECATED_OBJC_IMPLEMENTATIONS = YES;
				CLANG_WARN_DIRECT_OBJC_ISA_USAGE = YES_ERROR;
				CLANG_WARN_DOCUMENTATION_COMMENTS = YES;
				CLANG_WARN_EMPTY_BODY = YES;
				CLANG_WARN_ENUM_CONVERSION = YES;
				CLANG_WARN_INFINITE_RECURSION = YES;
				CLANG_WARN_INT_CONVERSION = YES;
				CLANG_WARN_NON_LITERAL_NULL_CONVERSION = YES;
				CLANG_WARN_OBJC_IMPLICIT_RETAIN_SELF = YES;
				CLANG_WARN_OBJC_LITERAL_CONVERSION = YES;
				CLANG_WARN_OBJC_ROOT_CLASS = YES_ERROR;
				CLANG_WARN_RANGE_LOOP_ANALYSIS = YES;
				CLANG_WARN_STRICT_PROTOTYPES = YES;
				CLANG_WARN_SUSPICIOUS_MOVE = YES;
				CLANG_WARN_UNGUARDED_AVAILABILITY = YES_AGGRESSIVE;
				CLANG_WARN_UNREACHABLE_CODE = YES;
				CLANG_WARN__DUPLICATE_METHOD_MATCH = YES;
				CODE_SIGN_IDENTITY = "iPhone Developer";
				COPY_PHASE_STRIP = NO;
				DEBUG_INFORMATION_FORMAT = dwarf;
				ENABLE_STRICT_OBJC_MSGSEND = YES;
				ENABLE_TESTABILITY = YES;
				GCC_C_LANGUAGE_STANDARD = gnu11;
				GCC_DYNAMIC_NO_PIC = NO;
				GCC_NO_COMMON_BLOCKS = YES;
				GCC_OPTIMIZATION_LEVEL = 0;
				GCC_PREPROCESSOR_DEFINITIONS = (
					"DEBUG=1",
					"$(inherited)",
				);
				GCC_WARN_64_TO_32_BIT_CONVERSION = YES;
				GCC_WARN_ABOUT_RETURN_TYPE = YES_ERROR;
				GCC_WARN_UNDECLARED_SELECTOR = YES;
				GCC_WARN_UNINITIALIZED_AUTOS = YES_AGGRESSIVE;
				GCC_WARN_UNUSED_FUNCTION = YES;
				GCC_WARN_UNUSED_VARIABLE = YES;
				IPHONEOS_DEPLOYMENT_TARGET = 12.2;
				MTL_ENABLE_DEBUG_INFO = INCLUDE_SOURCE;
				MTL_FAST_MATH = YES;
				ONLY_ACTIVE_ARCH = YES;
				SDKROOT = iphoneos;
				SWIFT_ACTIVE_COMPILATION_CONDITIONS = DEBUG;
				SWIFT_OPTIMIZATION_LEVEL = "-Onone";
			};
			name = Debug;
		};
		DEE0FEEB2270F982000051FF /* Release */ = {
			isa = XCBuildConfiguration;
			buildSettings = {
				ALWAYS_SEARCH_USER_PATHS = NO;
				CLANG_ANALYZER_NONNULL = YES;
				CLANG_ANALYZER_NUMBER_OBJECT_CONVERSION = YES_AGGRESSIVE;
				CLANG_CXX_LANGUAGE_STANDARD = "gnu++14";
				CLANG_CXX_LIBRARY = "libc++";
				CLANG_ENABLE_MODULES = YES;
				CLANG_ENABLE_OBJC_ARC = YES;
				CLANG_ENABLE_OBJC_WEAK = YES;
				CLANG_WARN_BLOCK_CAPTURE_AUTORELEASING = YES;
				CLANG_WARN_BOOL_CONVERSION = YES;
				CLANG_WARN_COMMA = YES;
				CLANG_WARN_CONSTANT_CONVERSION = YES;
				CLANG_WARN_DEPRECATED_OBJC_IMPLEMENTATIONS = YES;
				CLANG_WARN_DIRECT_OBJC_ISA_USAGE = YES_ERROR;
				CLANG_WARN_DOCUMENTATION_COMMENTS = YES;
				CLANG_WARN_EMPTY_BODY = YES;
				CLANG_WARN_ENUM_CONVERSION = YES;
				CLANG_WARN_INFINITE_RECURSION = YES;
				CLANG_WARN_INT_CONVERSION = YES;
				CLANG_WARN_NON_LITERAL_NULL_CONVERSION = YES;
				CLANG_WARN_OBJC_IMPLICIT_RETAIN_SELF = YES;
				CLANG_WARN_OBJC_LITERAL_CONVERSION = YES;
				CLANG_WARN_OBJC_ROOT_CLASS = YES_ERROR;
				CLANG_WARN_RANGE_LOOP_ANALYSIS = YES;
				CLANG_WARN_STRICT_PROTOTYPES = YES;
				CLANG_WARN_SUSPICIOUS_MOVE = YES;
				CLANG_WARN_UNGUARDED_AVAILABILITY = YES_AGGRESSIVE;
				CLANG_WARN_UNREACHABLE_CODE = YES;
				CLANG_WARN__DUPLICATE_METHOD_MATCH = YES;
				CODE_SIGN_IDENTITY = "iPhone Developer";
				COPY_PHASE_STRIP = NO;
				DEBUG_INFORMATION_FORMAT = "dwarf-with-dsym";
				ENABLE_NS_ASSERTIONS = NO;
				ENABLE_STRICT_OBJC_MSGSEND = YES;
				GCC_C_LANGUAGE_STANDARD = gnu11;
				GCC_NO_COMMON_BLOCKS = YES;
				GCC_WARN_64_TO_32_BIT_CONVERSION = YES;
				GCC_WARN_ABOUT_RETURN_TYPE = YES_ERROR;
				GCC_WARN_UNDECLARED_SELECTOR = YES;
				GCC_WARN_UNINITIALIZED_AUTOS = YES_AGGRESSIVE;
				GCC_WARN_UNUSED_FUNCTION = YES;
				GCC_WARN_UNUSED_VARIABLE = YES;
				IPHONEOS_DEPLOYMENT_TARGET = 12.2;
				MTL_ENABLE_DEBUG_INFO = NO;
				MTL_FAST_MATH = YES;
				SDKROOT = iphoneos;
				SWIFT_COMPILATION_MODE = wholemodule;
				SWIFT_OPTIMIZATION_LEVEL = "-O";
				VALIDATE_PRODUCT = YES;
			};
			name = Release;
		};
		DEE0FEED2270F982000051FF /* Debug */ = {
			isa = XCBuildConfiguration;
			buildSettings = {
				ASSETCATALOG_COMPILER_APPICON_NAME = AppIcon;
				CODE_SIGN_ENTITLEMENTS = DestinationTest/DestinationTest.entitlements;
				CODE_SIGN_STYLE = Automatic;
				DEVELOPMENT_TEAM = LQUE8QE5D8;
				INFOPLIST_FILE = DestinationTest/Info.plist;
				IPHONEOS_DEPLOYMENT_TARGET = 12.1;
				LD_RUNPATH_SEARCH_PATHS = (
					"$(inherited)",
					"@executable_path/Frameworks",
				);
				PRODUCT_BUNDLE_IDENTIFIER = com.DestinationTest.mobilex;
				PRODUCT_NAME = "$(TARGET_NAME)";
				SWIFT_VERSION = 5.0;
				TARGETED_DEVICE_FAMILY = 1;
			};
			name = Debug;
		};
		DEE0FEEE2270F982000051FF /* Release */ = {
			isa = XCBuildConfiguration;
			buildSettings = {
				ASSETCATALOG_COMPILER_APPICON_NAME = AppIcon;
				CODE_SIGN_ENTITLEMENTS = DestinationTest/DestinationTest.entitlements;
				CODE_SIGN_STYLE = Automatic;
				DEVELOPMENT_TEAM = LQUE8QE5D8;
				INFOPLIST_FILE = DestinationTest/Info.plist;
				IPHONEOS_DEPLOYMENT_TARGET = 12.1;
				LD_RUNPATH_SEARCH_PATHS = (
					"$(inherited)",
					"@executable_path/Frameworks",
				);
				PRODUCT_BUNDLE_IDENTIFIER = com.DestinationTest.mobilex;
				PRODUCT_NAME = "$(TARGET_NAME)";
				SWIFT_VERSION = 5.0;
				TARGETED_DEVICE_FAMILY = 1;
			};
			name = Release;
		};
		DEE0FEF02270F982000051FF /* Debug */ = {
			isa = XCBuildConfiguration;
			buildSettings = {
				ALWAYS_EMBED_SWIFT_STANDARD_LIBRARIES = YES;
				BUNDLE_LOADER = "$(TEST_HOST)";
				CODE_SIGN_STYLE = Automatic;
				INFOPLIST_FILE = DestinationTestTests/Info.plist;
				LD_RUNPATH_SEARCH_PATHS = (
					"$(inherited)",
					"@executable_path/Frameworks",
					"@loader_path/Frameworks",
				);
				PRODUCT_BUNDLE_IDENTIFIER = destinationTest.DestinationTestTests;
				PRODUCT_NAME = "$(TARGET_NAME)";
				SWIFT_VERSION = 5.0;
				TARGETED_DEVICE_FAMILY = "1,2";
				TEST_HOST = "$(BUILT_PRODUCTS_DIR)/DestinationTest.app/DestinationTest";
			};
			name = Debug;
		};
		DEE0FEF12270F982000051FF /* Release */ = {
			isa = XCBuildConfiguration;
			buildSettings = {
				ALWAYS_EMBED_SWIFT_STANDARD_LIBRARIES = YES;
				BUNDLE_LOADER = "$(TEST_HOST)";
				CODE_SIGN_STYLE = Automatic;
				INFOPLIST_FILE = DestinationTestTests/Info.plist;
				LD_RUNPATH_SEARCH_PATHS = (
					"$(inherited)",
					"@executable_path/Frameworks",
					"@loader_path/Frameworks",
				);
				PRODUCT_BUNDLE_IDENTIFIER = destinationTest.DestinationTestTests;
				PRODUCT_NAME = "$(TARGET_NAME)";
				SWIFT_VERSION = 5.0;
				TARGETED_DEVICE_FAMILY = "1,2";
				TEST_HOST = "$(BUILT_PRODUCTS_DIR)/DestinationTest.app/DestinationTest";
			};
			name = Release;
		};
		DEE0FEF32270F982000051FF /* Debug */ = {
			isa = XCBuildConfiguration;
			buildSettings = {
				ALWAYS_EMBED_SWIFT_STANDARD_LIBRARIES = YES;
				CODE_SIGN_STYLE = Automatic;
				INFOPLIST_FILE = DestinationTestUITests/Info.plist;
				LD_RUNPATH_SEARCH_PATHS = (
					"$(inherited)",
					"@executable_path/Frameworks",
					"@loader_path/Frameworks",
				);
				PRODUCT_BUNDLE_IDENTIFIER = destinationTest.DestinationTestUITests;
				PRODUCT_NAME = "$(TARGET_NAME)";
				SWIFT_VERSION = 5.0;
				TARGETED_DEVICE_FAMILY = "1,2";
				TEST_TARGET_NAME = DestinationTest;
			};
			name = Debug;
		};
		DEE0FEF42270F982000051FF /* Release */ = {
			isa = XCBuildConfiguration;
			buildSettings = {
				ALWAYS_EMBED_SWIFT_STANDARD_LIBRARIES = YES;
				CODE_SIGN_STYLE = Automatic;
				INFOPLIST_FILE = DestinationTestUITests/Info.plist;
				LD_RUNPATH_SEARCH_PATHS = (
					"$(inherited)",
					"@executable_path/Frameworks",
					"@loader_path/Frameworks",
				);
				PRODUCT_BUNDLE_IDENTIFIER = destinationTest.DestinationTestUITests;
				PRODUCT_NAME = "$(TARGET_NAME)";
				SWIFT_VERSION = 5.0;
				TARGETED_DEVICE_FAMILY = "1,2";
				TEST_TARGET_NAME = DestinationTest;
			};
			name = Release;
		};
/* End XCBuildConfiguration section */

/* Begin XCConfigurationList section */
		DEE0FEBF2270F981000051FF /* Build configuration list for PBXProject "DestinationTest" */ = {
			isa = XCConfigurationList;
			buildConfigurations = (
				DEE0FEEA2270F982000051FF /* Debug */,
				DEE0FEEB2270F982000051FF /* Release */,
			);
			defaultConfigurationIsVisible = 0;
			defaultConfigurationName = Release;
		};
		DEE0FEEC2270F982000051FF /* Build configuration list for PBXNativeTarget "DestinationTest" */ = {
			isa = XCConfigurationList;
			buildConfigurations = (
				DEE0FEED2270F982000051FF /* Debug */,
				DEE0FEEE2270F982000051FF /* Release */,
			);
			defaultConfigurationIsVisible = 0;
			defaultConfigurationName = Release;
		};
		DEE0FEEF2270F982000051FF /* Build configuration list for PBXNativeTarget "DestinationTestTests" */ = {
			isa = XCConfigurationList;
			buildConfigurations = (
				DEE0FEF02270F982000051FF /* Debug */,
				DEE0FEF12270F982000051FF /* Release */,
			);
			defaultConfigurationIsVisible = 0;
			defaultConfigurationName = Release;
		};
		DEE0FEF22270F982000051FF /* Build configuration list for PBXNativeTarget "DestinationTestUITests" */ = {
			isa = XCConfigurationList;
			buildConfigurations = (
				DEE0FEF32270F982000051FF /* Debug */,
				DEE0FEF42270F982000051FF /* Release */,
			);
			defaultConfigurationIsVisible = 0;
			defaultConfigurationName = Release;
		};
/* End XCConfigurationList section */
	};
	rootObject = DEE0FEBC2270F981000051FF /* Project object */;
}
